
Microsoft Visual Studio Solution File, Format Version 12.00
# Visual Studio Version 17
VisualStudioVersion = 17.11.35312.102
MinimumVisualStudioVersion = 10.0.40219.1
Project("{FAE04EC0-301F-11D3-BF4B-00C04F79EFBC}") = "naukas", "naukas\naukas.csproj", "{48916EF5-B995-4746-97F4-84BBE489562D}"
EndProject
Global
	GlobalSection(SolutionConfigurationPlatforms) = preSolution
		Debug|Any CPU = Debug|Any CPU
		Release|Any CPU = Release|Any CPU
	EndGlobalSection
	GlobalSection(ProjectConfigurationPlatforms) = postSolution
		{48916EF5-B995-4746-97F4-84BBE489562D}.Debug|Any CPU.ActiveCfg = Debug|Any CPU
		{48916EF5-B995-4746-97F4-84BBE489562D}.Debug|Any CPU.Build.0 = Debug|Any CPU
		{48916EF5-B995-4746-97F4-84BBE489562D}.Debug|Any CPU.Deploy.0 = Debug|Any CPU
		{48916EF5-B995-4746-97F4-84BBE489562D}.Release|Any CPU.ActiveCfg = Release|Any CPU
		{48916EF5-B995-4746-97F4-84BBE489562D}.Release|Any CPU.Build.0 = Release|Any CPU
		{48916EF5-B995-4746-97F4-84BBE489562D}.Release|Any CPU.Deploy.0 = Release|Any CPU
	EndGlobalSection
	GlobalSection(SolutionProperties) = preSolution
		HideSolutionNode = FALSE
	EndGlobalSection
	GlobalSection(ExtensibilityGlobals) = postSolution
		SolutionGuid = {CEE31405-28F8-4828-AB63-9FF7E003EC7C}
	EndGlobalSection
EndGlobal
